PODS:
  - foobar_shared (0.1.0)

DEPENDENCIES:
  - foobar_shared (from `../foobar-shared`)

EXTERNAL SOURCES:
  foobar_shared:
    :path: "../foobar-shared"

SPEC CHECKSUMS:
  foobar_shared: 38d14be894c2bb0b906869e932ca4d051eb2407b

PODFILE CHECKSUM: 204da5b5191e5f23dab41826f8307a3dc23cfa2b

COCOAPODS: 1.11.2
